
Microsoft Visual Studio Solution File, Format Version 12.00
# Visual Studio Version 16
VisualStudioVersion = 16.0.30320.27
MinimumVisualStudioVersion = 10.0.40219.1
Project("{FAE04EC0-301F-11D3-BF4B-00C04F79EFBC}") = "WFOVFix", "WFOVFix\WFOVFix.csproj", "{C3CB2EC9-A93C-4D49-8EFE-C6F4F1264C0F}"
EndProject
Global
	GlobalSection(SolutionConfigurationPlatforms) = preSolution
		Debug|Any CPU = Debug|Any CPU
		Release|Any CPU = Release|Any CPU
	EndGlobalSection
	GlobalSection(ProjectConfigurationPlatforms) = postSolution
		{C3CB2EC9-A93C-4D49-8EFE-C6F4F1264C0F}.Debug|Any CPU.ActiveCfg = Debug|Any CPU
		{C3CB2EC9-A93C-4D49-8EFE-C6F4F1264C0F}.Debug|Any CPU.Build.0 = Debug|Any CPU
		{C3CB2EC9-A93C-4D49-8EFE-C6F4F1264C0F}.Release|Any CPU.ActiveCfg = Release|Any CPU
		{C3CB2EC9-A93C-4D49-8EFE-C6F4F1264C0F}.Release|Any CPU.Build.0 = Release|Any CPU
	EndGlobalSection
	GlobalSection(SolutionProperties) = preSolution
		HideSolutionNode = FALSE
	EndGlobalSection
	GlobalSection(ExtensibilityGlobals) = postSolution
		SolutionGuid = {07ACFAA4-53D0-487C-9371-41FD89B708F9}
	EndGlobalSection
EndGlobal
